
Microsoft Visual Studio Solution File, Format Version 12.00
Project("{FAE04EC0-301F-11D3-BF4B-00C04F79EFBC}") = "Backend", "Backend\Backend.csproj", "{37060503-56DE-4042-A8FA-8515A74EF396}"
EndProject
Project("{FAE04EC0-301F-11D3-BF4B-00C04F79EFBC}") = "Aspire", "Aspire\Aspire.csproj", "{EBFA2AE2-5E26-4332-983D-DAFEA441A339}"
EndProject
Project("{2150E333-8FDC-42A3-9474-1A3956D46DE8}") = "Identity", "Identity", "{1879B5A4-646D-464C-B750-AA3FF29809C0}"
	ProjectSection(SolutionItems) = preProject
		Identity\GitVersion.yaml = Identity\GitVersion.yaml
		Identity\Filter.slnf = Identity\Filter.slnf
	EndProjectSection
EndProject
Project("{FAE04EC0-301F-11D3-BF4B-00C04F79EFBC}") = "Identity.WebHost", "Identity\Identity.WebHost\Identity.WebHost.csproj", "{CEDC793A-1983-4474-AADC-2A38A40B281C}"
EndProject
Project("{2150E333-8FDC-42A3-9474-1A3956D46DE8}") = "BuildConfig", "BuildConfig", "{3BB4C375-E0CC-4FBD-B8AC-00145B31AF26}"
	ProjectSection(SolutionItems) = preProject
		Directory.Packages.props = Directory.Packages.props
	EndProjectSection
EndProject
Project("{2150E333-8FDC-42A3-9474-1A3956D46DE8}") = "Modules", "Modules", "{290FE9A2-3193-4605-BE1C-9268CB90E3F4}"
	ProjectSection(SolutionItems) = preProject
		Identity\Modules\Tests.slnf = Identity\Modules\Tests.slnf
	EndProjectSection
EndProject
Project("{2150E333-8FDC-42A3-9474-1A3956D46DE8}") = "API", "API", "{E543DA72-C5C0-4390-BDC9-C715EE568D25}"
EndProject
Project("{2150E333-8FDC-42A3-9474-1A3956D46DE8}") = "Users", "Users", "{EAE57747-DA5F-43EA-AF5C-5D00E6B6E6DF}"
EndProject
Project("{FAE04EC0-301F-11D3-BF4B-00C04F79EFBC}") = "Users.Application", "Identity\Modules\Users\Users.Application\Users.Application.csproj", "{464C824E-BBF7-4622-8A53-4502E0B2BFB8}"
EndProject
Project("{FAE04EC0-301F-11D3-BF4B-00C04F79EFBC}") = "Users.Domain", "Identity\Modules\Users\Users.Domain\Users.Domain.csproj", "{7AEF792E-329D-4271-AC76-EF2E42BA3DE8}"
EndProject
Project("{FAE04EC0-301F-11D3-BF4B-00C04F79EFBC}") = "Users.Infrastructure", "Identity\Modules\Users\Users.Infrastructure\Users.Infrastructure.csproj", "{F0E24F87-3C6F-405D-B10D-BC97C9E8502E}"
EndProject
Project("{FAE04EC0-301F-11D3-BF4B-00C04F79EFBC}") = "RestApi.Controllers", "Identity\API\RestApi.Controllers\RestApi.Controllers.csproj", "{290E4C21-B8F7-40E2-9645-519461286AEA}"
EndProject
Project("{FAE04EC0-301F-11D3-BF4B-00C04F79EFBC}") = "Users.Contracts", "Identity\Modules\Users\Users.Contracts\Users.Contracts.csproj", "{8AED5664-FAAF-453C-8465-67409ED38555}"
EndProject
Project("{2150E333-8FDC-42A3-9474-1A3956D46DE8}") = "Shared", "Shared", "{CF83F39D-ABE6-4967-A61E-B8B88A61729B}"
EndProject
Project("{FAE04EC0-301F-11D3-BF4B-00C04F79EFBC}") = "Shared.Contracts", "Shared\Shared.Contracts\Shared.Contracts.csproj", "{8853B649-12A2-4005-8253-73137AAA38B1}"
EndProject
Project("{FAE04EC0-301F-11D3-BF4B-00C04F79EFBC}") = "Shared.Application", "Shared\Shared.Application\Shared.Application.csproj", "{C2C688F4-F6C1-49F1-B7EF-F54A65D55F84}"
EndProject
Project("{FAE04EC0-301F-11D3-BF4B-00C04F79EFBC}") = "Shared.Infrastructure", "Shared\Shared.Infrastructure\Shared.Infrastructure.csproj", "{C52C4D86-4394-4994-B627-193E4D3751CC}"
EndProject
Project("{FAE04EC0-301F-11D3-BF4B-00C04F79EFBC}") = "Users.Application.Tests", "Identity\Modules\Users\Users.Application.Tests\Users.Application.Tests.csproj", "{C3B6A7F5-AE1F-4CE8-B9B2-7D0B4201AE42}"
EndProject
Global
	GlobalSection(SolutionConfigurationPlatforms) = preSolution
		Debug|Any CPU = Debug|Any CPU
		Release|Any CPU = Release|Any CPU
	EndGlobalSection
	GlobalSection(ProjectConfigurationPlatforms) = postSolution
		{37060503-56DE-4042-A8FA-8515A74EF396}.Debug|Any CPU.ActiveCfg = Debug|Any CPU
		{37060503-56DE-4042-A8FA-8515A74EF396}.Debug|Any CPU.Build.0 = Debug|Any CPU
		{37060503-56DE-4042-A8FA-8515A74EF396}.Release|Any CPU.ActiveCfg = Release|Any CPU
		{37060503-56DE-4042-A8FA-8515A74EF396}.Release|Any CPU.Build.0 = Release|Any CPU
		{EBFA2AE2-5E26-4332-983D-DAFEA441A339}.Debug|Any CPU.ActiveCfg = Debug|Any CPU
		{EBFA2AE2-5E26-4332-983D-DAFEA441A339}.Debug|Any CPU.Build.0 = Debug|Any CPU
		{EBFA2AE2-5E26-4332-983D-DAFEA441A339}.Release|Any CPU.ActiveCfg = Release|Any CPU
		{EBFA2AE2-5E26-4332-983D-DAFEA441A339}.Release|Any CPU.Build.0 = Release|Any CPU
		{CEDC793A-1983-4474-AADC-2A38A40B281C}.Debug|Any CPU.ActiveCfg = Debug|Any CPU
		{CEDC793A-1983-4474-AADC-2A38A40B281C}.Debug|Any CPU.Build.0 = Debug|Any CPU
		{CEDC793A-1983-4474-AADC-2A38A40B281C}.Release|Any CPU.ActiveCfg = Release|Any CPU
		{CEDC793A-1983-4474-AADC-2A38A40B281C}.Release|Any CPU.Build.0 = Release|Any CPU
		{464C824E-BBF7-4622-8A53-4502E0B2BFB8}.Debug|Any CPU.ActiveCfg = Debug|Any CPU
		{464C824E-BBF7-4622-8A53-4502E0B2BFB8}.Debug|Any CPU.Build.0 = Debug|Any CPU
		{464C824E-BBF7-4622-8A53-4502E0B2BFB8}.Release|Any CPU.ActiveCfg = Release|Any CPU
		{464C824E-BBF7-4622-8A53-4502E0B2BFB8}.Release|Any CPU.Build.0 = Release|Any CPU
		{7AEF792E-329D-4271-AC76-EF2E42BA3DE8}.Debug|Any CPU.ActiveCfg = Debug|Any CPU
		{7AEF792E-329D-4271-AC76-EF2E42BA3DE8}.Debug|Any CPU.Build.0 = Debug|Any CPU
		{7AEF792E-329D-4271-AC76-EF2E42BA3DE8}.Release|Any CPU.ActiveCfg = Release|Any CPU
		{7AEF792E-329D-4271-AC76-EF2E42BA3DE8}.Release|Any CPU.Build.0 = Release|Any CPU
		{F0E24F87-3C6F-405D-B10D-BC97C9E8502E}.Debug|Any CPU.ActiveCfg = Debug|Any CPU
		{F0E24F87-3C6F-405D-B10D-BC97C9E8502E}.Debug|Any CPU.Build.0 = Debug|Any CPU
		{F0E24F87-3C6F-405D-B10D-BC97C9E8502E}.Release|Any CPU.ActiveCfg = Release|Any CPU
		{F0E24F87-3C6F-405D-B10D-BC97C9E8502E}.Release|Any CPU.Build.0 = Release|Any CPU
		{290E4C21-B8F7-40E2-9645-519461286AEA}.Debug|Any CPU.ActiveCfg = Debug|Any CPU
		{290E4C21-B8F7-40E2-9645-519461286AEA}.Debug|Any CPU.Build.0 = Debug|Any CPU
		{290E4C21-B8F7-40E2-9645-519461286AEA}.Release|Any CPU.ActiveCfg = Release|Any CPU
		{290E4C21-B8F7-40E2-9645-519461286AEA}.Release|Any CPU.Build.0 = Release|Any CPU
		{8AED5664-FAAF-453C-8465-67409ED38555}.Debug|Any CPU.ActiveCfg = Debug|Any CPU
		{8AED5664-FAAF-453C-8465-67409ED38555}.Debug|Any CPU.Build.0 = Debug|Any CPU
		{8AED5664-FAAF-453C-8465-67409ED38555}.Release|Any CPU.ActiveCfg = Release|Any CPU
		{8AED5664-FAAF-453C-8465-67409ED38555}.Release|Any CPU.Build.0 = Release|Any CPU
		{8853B649-12A2-4005-8253-73137AAA38B1}.Debug|Any CPU.ActiveCfg = Debug|Any CPU
		{8853B649-12A2-4005-8253-73137AAA38B1}.Debug|Any CPU.Build.0 = Debug|Any CPU
		{8853B649-12A2-4005-8253-73137AAA38B1}.Release|Any CPU.ActiveCfg = Release|Any CPU
		{8853B649-12A2-4005-8253-73137AAA38B1}.Release|Any CPU.Build.0 = Release|Any CPU
		{C2C688F4-F6C1-49F1-B7EF-F54A65D55F84}.Debug|Any CPU.ActiveCfg = Debug|Any CPU
		{C2C688F4-F6C1-49F1-B7EF-F54A65D55F84}.Debug|Any CPU.Build.0 = Debug|Any CPU
		{C2C688F4-F6C1-49F1-B7EF-F54A65D55F84}.Release|Any CPU.ActiveCfg = Release|Any CPU
		{C2C688F4-F6C1-49F1-B7EF-F54A65D55F84}.Release|Any CPU.Build.0 = Release|Any CPU
		{C52C4D86-4394-4994-B627-193E4D3751CC}.Debug|Any CPU.ActiveCfg = Debug|Any CPU
		{C52C4D86-4394-4994-B627-193E4D3751CC}.Debug|Any CPU.Build.0 = Debug|Any CPU
		{C52C4D86-4394-4994-B627-193E4D3751CC}.Release|Any CPU.ActiveCfg = Release|Any CPU
		{C52C4D86-4394-4994-B627-193E4D3751CC}.Release|Any CPU.Build.0 = Release|Any CPU
		{C3B6A7F5-AE1F-4CE8-B9B2-7D0B4201AE42}.Debug|Any CPU.ActiveCfg = Debug|Any CPU
		{C3B6A7F5-AE1F-4CE8-B9B2-7D0B4201AE42}.Debug|Any CPU.Build.0 = Debug|Any CPU
		{C3B6A7F5-AE1F-4CE8-B9B2-7D0B4201AE42}.Release|Any CPU.ActiveCfg = Release|Any CPU
		{C3B6A7F5-AE1F-4CE8-B9B2-7D0B4201AE42}.Release|Any CPU.Build.0 = Release|Any CPU
	EndGlobalSection
	GlobalSection(NestedProjects) = preSolution
		{CEDC793A-1983-4474-AADC-2A38A40B281C} = {1879B5A4-646D-464C-B750-AA3FF29809C0}
		{3BB4C375-E0CC-4FBD-B8AC-00145B31AF26} = {1879B5A4-646D-464C-B750-AA3FF29809C0}
		{290FE9A2-3193-4605-BE1C-9268CB90E3F4} = {1879B5A4-646D-464C-B750-AA3FF29809C0}
		{E543DA72-C5C0-4390-BDC9-C715EE568D25} = {1879B5A4-646D-464C-B750-AA3FF29809C0}
		{EAE57747-DA5F-43EA-AF5C-5D00E6B6E6DF} = {290FE9A2-3193-4605-BE1C-9268CB90E3F4}
		{464C824E-BBF7-4622-8A53-4502E0B2BFB8} = {EAE57747-DA5F-43EA-AF5C-5D00E6B6E6DF}
		{7AEF792E-329D-4271-AC76-EF2E42BA3DE8} = {EAE57747-DA5F-43EA-AF5C-5D00E6B6E6DF}
		{F0E24F87-3C6F-405D-B10D-BC97C9E8502E} = {EAE57747-DA5F-43EA-AF5C-5D00E6B6E6DF}
		{290E4C21-B8F7-40E2-9645-519461286AEA} = {E543DA72-C5C0-4390-BDC9-C715EE568D25}
		{8AED5664-FAAF-453C-8465-67409ED38555} = {EAE57747-DA5F-43EA-AF5C-5D00E6B6E6DF}
		{8853B649-12A2-4005-8253-73137AAA38B1} = {CF83F39D-ABE6-4967-A61E-B8B88A61729B}
		{C2C688F4-F6C1-49F1-B7EF-F54A65D55F84} = {CF83F39D-ABE6-4967-A61E-B8B88A61729B}
		{C52C4D86-4394-4994-B627-193E4D3751CC} = {CF83F39D-ABE6-4967-A61E-B8B88A61729B}
		{C3B6A7F5-AE1F-4CE8-B9B2-7D0B4201AE42} = {EAE57747-DA5F-43EA-AF5C-5D00E6B6E6DF}
	EndGlobalSection
EndGlobal
